# contrib/gnome-terminal/deps.lock — pinned sources for the static GTK
# reference build. Every entry must be built into one dependency prefix with
# static archives and matching pkg-config metadata before GNOME Terminal is
# configured.
#
# Hashes are '-' until they are computed and verified locally. Do not replace a
# missing hash with a guess.
gnome-terminal 3.52.0 - https://gitlab.gnome.org/GNOME/gnome-terminal
vte 0.76.0 - https://gitlab.gnome.org/GNOME/vte
gtk 3.24.41 - https://gitlab.gnome.org/GNOME/gtk
libhandy 1.8.3 - https://gitlab.gnome.org/GNOME/libhandy
glib 2.80.0 - https://gitlab.gnome.org/GNOME/glib
pango 1.52.1 - https://gitlab.gnome.org/GNOME/pango
cairo 1.18.0 - https://gitlab.freedesktop.org/cairo/cairo
harfbuzz 8.3.0 - https://github.com/harfbuzz/harfbuzz
freetype 2.13.2 - https://gitlab.freedesktop.org/freetype/freetype
fontconfig 2.15.0 - https://gitlab.freedesktop.org/fontconfig/fontconfig
gdk-pixbuf 2.42.10 - https://gitlab.gnome.org/GNOME/gdk-pixbuf
pcre2 10.42 - https://github.com/PCRE2Project/pcre2
util-linux 2.39.3 - https://github.com/util-linux/util-linux
